
Microsoft Visual Studio Solution File, Format Version 12.00
# Visual Studio Version 17
VisualStudioVersion = 17.2.32526.322
MinimumVisualStudioVersion = 10.0.40219.1
Project("{FAE04EC0-301F-11D3-BF4B-00C04F79EFBC}") = "FaceDetection.API", "FaceDetection.API\FaceDetection.API.csproj", "{BA7CA428-9F22-44E9-8406-B683DC702F5F}"
EndProject
Project("{FAE04EC0-301F-11D3-BF4B-00C04F79EFBC}") = "FaceDetection.ConsoleAppTester", "FaceDetection.ConsoleAppTester\FaceDetection.ConsoleAppTester.csproj", "{686DDF71-2D71-49A7-9AF4-93E0382EBDDE}"
EndProject
Project("{FAE04EC0-301F-11D3-BF4B-00C04F79EFBC}") = "FaceDetection.Messaging.InterfacesConstants", "FaceDetection.Messaging.InterfacesConstants\FaceDetection.Messaging.InterfacesConstants.csproj", "{B91DA077-776F-4025-B2D6-F42228BCE91D}"
EndProject
Project("{FAE04EC0-301F-11D3-BF4B-00C04F79EFBC}") = "FaceDetection.MVC", "FaceDetection.MVC\FaceDetection.MVC.csproj", "{571E79AB-FD9D-42A6-844B-6779D3AD8D5A}"
EndProject
Global
	GlobalSection(SolutionConfigurationPlatforms) = preSolution
		Debug|Any CPU = Debug|Any CPU
		Release|Any CPU = Release|Any CPU
	EndGlobalSection
	GlobalSection(ProjectConfigurationPlatforms) = postSolution
		{BA7CA428-9F22-44E9-8406-B683DC702F5F}.Debug|Any CPU.ActiveCfg = Debug|Any CPU
		{BA7CA428-9F22-44E9-8406-B683DC702F5F}.Debug|Any CPU.Build.0 = Debug|Any CPU
		{BA7CA428-9F22-44E9-8406-B683DC702F5F}.Release|Any CPU.ActiveCfg = Release|Any CPU
		{BA7CA428-9F22-44E9-8406-B683DC702F5F}.Release|Any CPU.Build.0 = Release|Any CPU
		{686DDF71-2D71-49A7-9AF4-93E0382EBDDE}.Debug|Any CPU.ActiveCfg = Debug|Any CPU
		{686DDF71-2D71-49A7-9AF4-93E0382EBDDE}.Debug|Any CPU.Build.0 = Debug|Any CPU
		{686DDF71-2D71-49A7-9AF4-93E0382EBDDE}.Release|Any CPU.ActiveCfg = Release|Any CPU
		{686DDF71-2D71-49A7-9AF4-93E0382EBDDE}.Release|Any CPU.Build.0 = Release|Any CPU
		{B91DA077-776F-4025-B2D6-F42228BCE91D}.Debug|Any CPU.ActiveCfg = Debug|Any CPU
		{B91DA077-776F-4025-B2D6-F42228BCE91D}.Debug|Any CPU.Build.0 = Debug|Any CPU
		{B91DA077-776F-4025-B2D6-F42228BCE91D}.Release|Any CPU.ActiveCfg = Release|Any CPU
		{B91DA077-776F-4025-B2D6-F42228BCE91D}.Release|Any CPU.Build.0 = Release|Any CPU
		{571E79AB-FD9D-42A6-844B-6779D3AD8D5A}.Debug|Any CPU.ActiveCfg = Debug|Any CPU
		{571E79AB-FD9D-42A6-844B-6779D3AD8D5A}.Debug|Any CPU.Build.0 = Debug|Any CPU
		{571E79AB-FD9D-42A6-844B-6779D3AD8D5A}.Release|Any CPU.ActiveCfg = Release|Any CPU
		{571E79AB-FD9D-42A6-844B-6779D3AD8D5A}.Release|Any CPU.Build.0 = Release|Any CPU
	EndGlobalSection
	GlobalSection(SolutionProperties) = preSolution
		HideSolutionNode = FALSE
	EndGlobalSection
	GlobalSection(ExtensibilityGlobals) = postSolution
		SolutionGuid = {534C64F6-A847-4EA2-B9BE-A40C76611692}
	EndGlobalSection
EndGlobal
